
Microsoft Visual Studio Solution File, Format Version 12.00
# Visual Studio Version 16
VisualStudioVersion = 16.0.30320.27
MinimumVisualStudioVersion = 10.0.40219.1
Project("{8BC9CEB8-8B4A-11D0-8D11-00A0C91BC942}") = "lhbm", "lhbm.vcxproj", "{78AEC63B-05A5-4E88-B29A-1FD924EA4131}"
EndProject
Global
	GlobalSection(SolutionConfigurationPlatforms) = preSolution
		Debug|x64 = Debug|x64
		Debug|x86 = Debug|x86
		Release|x64 = Release|x64
		Release|x86 = Release|x86
	EndGlobalSection
	GlobalSection(ProjectConfigurationPlatforms) = postSolution
		{78AEC63B-05A5-4E88-B29A-1FD924EA4131}.Debug|x64.ActiveCfg = Debug|x64
		{78AEC63B-05A5-4E88-B29A-1FD924EA4131}.Debug|x64.Build.0 = Debug|x64
		{78AEC63B-05A5-4E88-B29A-1FD924EA4131}.Debug|x86.ActiveCfg = Debug|Win32
		{78AEC63B-05A5-4E88-B29A-1FD924EA4131}.Debug|x86.Build.0 = Debug|Win32
		{78AEC63B-05A5-4E88-B29A-1FD924EA4131}.Release|x64.ActiveCfg = Release|x64
		{78AEC63B-05A5-4E88-B29A-1FD924EA4131}.Release|x64.Build.0 = Release|x64
		{78AEC63B-05A5-4E88-B29A-1FD924EA4131}.Release|x86.ActiveCfg = Release|Win32
		{78AEC63B-05A5-4E88-B29A-1FD924EA4131}.Release|x86.Build.0 = Release|Win32
	EndGlobalSection
	GlobalSection(SolutionProperties) = preSolution
		HideSolutionNode = FALSE
	EndGlobalSection
	GlobalSection(ExtensibilityGlobals) = postSolution
		SolutionGuid = {D7B1F2CA-097E-4E71-86EA-403F59822137}
	EndGlobalSection
EndGlobal
